
Microsoft Visual Studio Solution File, Format Version 12.00
# Visual Studio Version 17
VisualStudioVersion = 17.1.32228.430
MinimumVisualStudioVersion = 10.0.40219.1
Project("{FAE04EC0-301F-11D3-BF4B-00C04F79EFBC}") = "Classe", "Classe\Classe.csproj", "{63F1B71F-0298-43A2-A8EC-427C8DAEDA8E}"
EndProject
Global
	GlobalSection(SolutionConfigurationPlatforms) = preSolution
		Debug|Any CPU = Debug|Any CPU
		Release|Any CPU = Release|Any CPU
	EndGlobalSection
	GlobalSection(ProjectConfigurationPlatforms) = postSolution
		{63F1B71F-0298-43A2-A8EC-427C8DAEDA8E}.Debug|Any CPU.ActiveCfg = Debug|Any CPU
		{63F1B71F-0298-43A2-A8EC-427C8DAEDA8E}.Debug|Any CPU.Build.0 = Debug|Any CPU
		{63F1B71F-0298-43A2-A8EC-427C8DAEDA8E}.Release|Any CPU.ActiveCfg = Release|Any CPU
		{63F1B71F-0298-43A2-A8EC-427C8DAEDA8E}.Release|Any CPU.Build.0 = Release|Any CPU
	EndGlobalSection
	GlobalSection(SolutionProperties) = preSolution
		HideSolutionNode = FALSE
	EndGlobalSection
	GlobalSection(ExtensibilityGlobals) = postSolution
		SolutionGuid = {5D08359E-0145-4E8F-9208-2CCCF748AA7B}
	EndGlobalSection
EndGlobal
